
Microsoft Visual Studio Solution File, Format Version 12.00
# Visual Studio Version 17
VisualStudioVersion = 17.14.36202.13 d17.14
MinimumVisualStudioVersion = 10.0.40219.1
Project("{FAE04EC0-301F-11D3-BF4B-00C04F79EFBC}") = "ExchangeRate", "ExchangeRate\ExchangeRate.csproj", "{89AB0087-65F8-4435-816E-39B736923BC2}"
EndProject
Global
	GlobalSection(SolutionConfigurationPlatforms) = preSolution
		Debug|Any CPU = Debug|Any CPU
		Release|Any CPU = Release|Any CPU
	EndGlobalSection
	GlobalSection(ProjectConfigurationPlatforms) = postSolution
		{89AB0087-65F8-4435-816E-39B736923BC2}.Debug|Any CPU.ActiveCfg = Debug|Any CPU
		{89AB0087-65F8-4435-816E-39B736923BC2}.Debug|Any CPU.Build.0 = Debug|Any CPU
		{89AB0087-65F8-4435-816E-39B736923BC2}.Release|Any CPU.ActiveCfg = Release|Any CPU
		{89AB0087-65F8-4435-816E-39B736923BC2}.Release|Any CPU.Build.0 = Release|Any CPU
	EndGlobalSection
	GlobalSection(SolutionProperties) = preSolution
		HideSolutionNode = FALSE
	EndGlobalSection
	GlobalSection(ExtensibilityGlobals) = postSolution
		SolutionGuid = {24CC525C-D61E-4431-9ACF-DC03BA3CD11D}
	EndGlobalSection
EndGlobal
